
Microsoft Visual Studio Solution File, Format Version 12.00
Project("{FAE04EC0-301F-11D3-BF4B-00C04F79EFBC}") = "OrgMembershipService.Domain", "src\OrgMembershipService.Domain\OrgMembershipService.Domain.csproj", "{EC111981-65BF-453C-A7CA-E5795144F90A}"
EndProject
Project("{FAE04EC0-301F-11D3-BF4B-00C04F79EFBC}") = "OrgMembershipService.Infrastructure", "src\OrgMembershipService.Infrastructure\OrgMembershipService.Infrastructure.csproj", "{49435D6E-6E4D-4AF6-9C1A-FC9AE2497EF6}"
EndProject
Project("{FAE04EC0-301F-11D3-BF4B-00C04F79EFBC}") = "OrgMembershipService.UseCases", "src\OrgMembershipService.UseCases\OrgMembershipService.UseCases.csproj", "{C6FCC1B8-E45B-4812-8BEB-090B6154EBB9}"
EndProject
Project("{FAE04EC0-301F-11D3-BF4B-00C04F79EFBC}") = "OrgMembershipService.Api", "src\OrgMembershipService.Api\OrgMembershipService.Api.csproj", "{C4E8BB85-96BA-4C28-84B8-C36E62B9D016}"
EndProject
Project("{2150E333-8FDC-42A3-9474-1A3956D46DE8}") = "src", "src", "{997DE7CD-9AB9-420E-82E6-614711799B5C}"
EndProject
Project("{2150E333-8FDC-42A3-9474-1A3956D46DE8}") = "docs", "docs", "{1ED559C2-B90E-4803-99DD-E439E2BB0BB8}"
	ProjectSection(SolutionItems) = preProject
		docs\OrgMembershipContext.md = docs\OrgMembershipContext.md
		docs\SystemContext.md = docs\SystemContext.md
		docs\RolesPermissionsMatrix.md = docs\RolesPermissionsMatrix.md
		docs\Integration.md = docs\Integration.md
		docs\img.png = docs\img.png
		docs\img_1.png = docs\img_1.png
	EndProjectSection
EndProject
Project("{2150E333-8FDC-42A3-9474-1A3956D46DE8}") = "Solution Items", "Solution Items", "{9686647D-0C20-4350-8B1D-0745F104D434}"
	ProjectSection(SolutionItems) = preProject
		docker-compose.yml = docker-compose.yml
	EndProjectSection
EndProject
Project("{2150E333-8FDC-42A3-9474-1A3956D46DE8}") = "infra", "infra", "{C9691348-8857-474C-87FB-1D5EAFB6A270}"
EndProject
Project("{2150E333-8FDC-42A3-9474-1A3956D46DE8}") = "keycloak", "keycloak", "{FAD2F92F-9D2D-4B88-9CA4-DF7BCA2C20E9}"
	ProjectSection(SolutionItems) = preProject
		infra\keycloak\realm-export.json = infra\keycloak\realm-export.json
	EndProjectSection
EndProject
Global
	GlobalSection(SolutionConfigurationPlatforms) = preSolution
		Debug|Any CPU = Debug|Any CPU
		Release|Any CPU = Release|Any CPU
	EndGlobalSection
	GlobalSection(ProjectConfigurationPlatforms) = postSolution
		{EC111981-65BF-453C-A7CA-E5795144F90A}.Debug|Any CPU.ActiveCfg = Debug|Any CPU
		{EC111981-65BF-453C-A7CA-E5795144F90A}.Debug|Any CPU.Build.0 = Debug|Any CPU
		{EC111981-65BF-453C-A7CA-E5795144F90A}.Release|Any CPU.ActiveCfg = Release|Any CPU
		{EC111981-65BF-453C-A7CA-E5795144F90A}.Release|Any CPU.Build.0 = Release|Any CPU
		{49435D6E-6E4D-4AF6-9C1A-FC9AE2497EF6}.Debug|Any CPU.ActiveCfg = Debug|Any CPU
		{49435D6E-6E4D-4AF6-9C1A-FC9AE2497EF6}.Debug|Any CPU.Build.0 = Debug|Any CPU
		{49435D6E-6E4D-4AF6-9C1A-FC9AE2497EF6}.Release|Any CPU.ActiveCfg = Release|Any CPU
		{49435D6E-6E4D-4AF6-9C1A-FC9AE2497EF6}.Release|Any CPU.Build.0 = Release|Any CPU
		{C6FCC1B8-E45B-4812-8BEB-090B6154EBB9}.Debug|Any CPU.ActiveCfg = Debug|Any CPU
		{C6FCC1B8-E45B-4812-8BEB-090B6154EBB9}.Debug|Any CPU.Build.0 = Debug|Any CPU
		{C6FCC1B8-E45B-4812-8BEB-090B6154EBB9}.Release|Any CPU.ActiveCfg = Release|Any CPU
		{C6FCC1B8-E45B-4812-8BEB-090B6154EBB9}.Release|Any CPU.Build.0 = Release|Any CPU
		{C4E8BB85-96BA-4C28-84B8-C36E62B9D016}.Debug|Any CPU.ActiveCfg = Debug|Any CPU
		{C4E8BB85-96BA-4C28-84B8-C36E62B9D016}.Debug|Any CPU.Build.0 = Debug|Any CPU
		{C4E8BB85-96BA-4C28-84B8-C36E62B9D016}.Release|Any CPU.ActiveCfg = Release|Any CPU
		{C4E8BB85-96BA-4C28-84B8-C36E62B9D016}.Release|Any CPU.Build.0 = Release|Any CPU
	EndGlobalSection
	GlobalSection(NestedProjects) = preSolution
		{C4E8BB85-96BA-4C28-84B8-C36E62B9D016} = {997DE7CD-9AB9-420E-82E6-614711799B5C}
		{C6FCC1B8-E45B-4812-8BEB-090B6154EBB9} = {997DE7CD-9AB9-420E-82E6-614711799B5C}
		{EC111981-65BF-453C-A7CA-E5795144F90A} = {997DE7CD-9AB9-420E-82E6-614711799B5C}
		{49435D6E-6E4D-4AF6-9C1A-FC9AE2497EF6} = {997DE7CD-9AB9-420E-82E6-614711799B5C}
		{FAD2F92F-9D2D-4B88-9CA4-DF7BCA2C20E9} = {C9691348-8857-474C-87FB-1D5EAFB6A270}
	EndGlobalSection
EndGlobal
